// !$*UTF8*$!
{
	archiveVersion = 1;
	classes = {
	};
	objectVersion = 55;
	objects = {

/* Begin PBXBuildFile section */
		8E4461A6277DBA0A00F92C2A /* BrowseView.swift in Sources */ = {isa = PBXBuildFile; fileRef = 8E4461A5277DBA0A00F92C2A /* BrowseView.swift */; };
		8E811DE627895C65004B3D36 /* ViewExtension.swift in Sources */ = {isa = PBXBuildFile; fileRef = 8E811DE527895C65004B3D36 /* ViewExtension.swift */; };
		8E886B95277D8C1500759B92 /* ControlView.swift in Sources */ = {isa = PBXBuildFile; fileRef = 8E886B94277D8C1500759B92 /* ControlView.swift */; };
		8EAA3D13277C99DB006A9E3C /* Model.swift in Sources */ = {isa = PBXBuildFile; fileRef = 8EAA3D12277C99DB006A9E3C /* Model.swift */; };
		8EDB63A5277B4EA2004C0EF3 /* ARTrackingApp.swift in Sources */ = {isa = PBXBuildFile; fileRef = 8EDB63A4277B4EA2004C0EF3 /* ARTrackingApp.swift */; };
		8EDB63A7277B4EA2004C0EF3 /* ContentView.swift in Sources */ = {isa = PBXBuildFile; fileRef = 8EDB63A6277B4EA2004C0EF3 /* ContentView.swift */; };
		8EDB63A9277B4EA3004C0EF3 /* Assets.xcassets in Resources */ = {isa = PBXBuildFile; fileRef = 8EDB63A8277B4EA3004C0EF3 /* Assets.xcassets */; };
		8EDB63AC277B4EA3004C0EF3 /* Preview Assets.xcassets in Resources */ = {isa = PBXBuildFile; fileRef = 8EDB63AB277B4EA3004C0EF3 /* Preview Assets.xcassets */; };
		8EDB63B5277B5035004C0EF3 /* toy_car.usdz in Resources */ = {isa = PBXBuildFile; fileRef = 8EDB63B3277B502E004C0EF3 /* toy_car.usdz */; };
		8EDB63B6277B5035004C0EF3 /* toy_drummer.usdz in Resources */ = {isa = PBXBuildFile; fileRef = 8EDB63B4277B5035004C0EF3 /* toy_drummer.usdz */; };
		8EDB63B8277B5071004C0EF3 /* chair_swan.usdz in Resources */ = {isa = PBXBuildFile; fileRef = 8EDB63B7277B5070004C0EF3 /* chair_swan.usdz */; };
		8EE5D3E22780551D004AAB59 /* PlacementSettings.swift in Sources */ = {isa = PBXBuildFile; fileRef = 8EE5D3E12780551D004AAB59 /* PlacementSettings.swift */; };
		8EE5D3E42780597E004AAB59 /* PlacementView.swift in Sources */ = {isa = PBXBuildFile; fileRef = 8EE5D3E32780597E004AAB59 /* PlacementView.swift */; };
		8EE5D3E927806441004AAB59 /* CustomARView.swift in Sources */ = {isa = PBXBuildFile; fileRef = 8EE5D3E827806441004AAB59 /* CustomARView.swift */; };
		8EFC55F927884BCD00D83854 /* FocusEntity in Frameworks */ = {isa = PBXBuildFile; productRef = 8EFC55F827884BCD00D83854 /* FocusEntity */; };
/* End PBXBuildFile section */

/* Begin PBXFileReference section */
		8E4461A5277DBA0A00F92C2A /* BrowseView.swift */ = {isa = PBXFileReference; lastKnownFileType = sourcecode.swift; path = BrowseView.swift; sourceTree = "<group>"; };
		8E811DE527895C65004B3D36 /* ViewExtension.swift */ = {isa = PBXFileReference; lastKnownFileType = sourcecode.swift; path = ViewExtension.swift; sourceTree = "<group>"; };
		8E886B94277D8C1500759B92 /* ControlView.swift */ = {isa = PBXFileReference; lastKnownFileType = sourcecode.swift; path = ControlView.swift; sourceTree = "<group>"; };
		8EAA3D12277C99DB006A9E3C /* Model.swift */ = {isa = PBXFileReference; lastKnownFileType = sourcecode.swift; path = Model.swift; sourceTree = "<group>"; };
		8EDB63A1277B4EA2004C0EF3 /* ARTracking.app */ = {isa = PBXFileReference; explicitFileType = wrapper.application; includeInIndex = 0; path = ARTracking.app; sourceTree = BUILT_PRODUCTS_DIR; };
		8EDB63A4277B4EA2004C0EF3 /* ARTrackingApp.swift */ = {isa = PBXFileReference; lastKnownFileType = sourcecode.swift; path = ARTrackingApp.swift; sourceTree = "<group>"; };
		8EDB63A6277B4EA2004C0EF3 /* ContentView.swift */ = {isa = PBXFileReference; lastKnownFileType = sourcecode.swift; path = ContentView.swift; sourceTree = "<group>"; };
		8EDB63A8277B4EA3004C0EF3 /* Assets.xcassets */ = {isa = PBXFileReference; lastKnownFileType = folder.assetcatalog; path = Assets.xcassets; sourceTree = "<group>"; };
		8EDB63AB277B4EA3004C0EF3 /* Preview Assets.xcassets */ = {isa = PBXFileReference; lastKnownFileType = folder.assetcatalog; path = "Preview Assets.xcassets"; sourceTree = "<group>"; };
		8EDB63B3277B502E004C0EF3 /* toy_car.usdz */ = {isa = PBXFileReference; lastKnownFileType = file.usdz; path = toy_car.usdz; sourceTree = "<group>"; };
		8EDB63B4277B5035004C0EF3 /* toy_drummer.usdz */ = {isa = PBXFileReference; lastKnownFileType = file.usdz; path = toy_drummer.usdz; sourceTree = "<group>"; };
		8EDB63B7277B5070004C0EF3 /* chair_swan.usdz */ = {isa = PBXFileReference; lastKnownFileType = file.usdz; path = chair_swan.usdz; sourceTree = "<group>"; };
		8EDB63B9277B6380004C0EF3 /* Info.plist */ = {isa = PBXFileReference; lastKnownFileType = text.plist; path = Info.plist; sourceTree = "<group>"; };
		8EE5D3E12780551D004AAB59 /* PlacementSettings.swift */ = {isa = PBXFileReference; lastKnownFileType = sourcecode.swift; path = PlacementSettings.swift; sourceTree = "<group>"; };
		8EE5D3E32780597E004AAB59 /* PlacementView.swift */ = {isa = PBXFileReference; lastKnownFileType = sourcecode.swift; path = PlacementView.swift; sourceTree = "<group>"; };
		8EE5D3E827806441004AAB59 /* CustomARView.swift */ = {isa = PBXFileReference; lastKnownFileType = sourcecode.swift; path = CustomARView.swift; sourceTree = "<group>"; };
/* End PBXFileReference section */

/* Begin PBXFrameworksBuildPhase section */
		8EDB639E277B4EA2004C0EF3 /* Frameworks */ = {
			isa = PBXFrameworksBuildPhase;
			buildActionMask = 2147483647;
			files = (
				8EFC55F927884BCD00D83854 /* FocusEntity in Frameworks */,
			);
			runOnlyForDeploymentPostprocessing = 0;
		};
/* End PBXFrameworksBuildPhase section */

/* Begin PBXGroup section */
		8EDB6398277B4EA2004C0EF3 = {
			isa = PBXGroup;
			children = (
				8EDB63A3277B4EA2004C0EF3 /* ARTracking */,
				8EDB63A2277B4EA2004C0EF3 /* Products */,
			);
			sourceTree = "<group>";
		};
		8EDB63A2277B4EA2004C0EF3 /* Products */ = {
			isa = PBXGroup;
			children = (
				8EDB63A1277B4EA2004C0EF3 /* ARTracking.app */,
			);
			name = Products;
			sourceTree = "<group>";
		};
		8EDB63A3277B4EA2004C0EF3 /* ARTracking */ = {
			isa = PBXGroup;
			children = (
				8EDB63BB277B6A02004C0EF3 /* Models */,
				8EDB63B9277B6380004C0EF3 /* Info.plist */,
				8EDB63A4277B4EA2004C0EF3 /* ARTrackingApp.swift */,
				8EDB63A6277B4EA2004C0EF3 /* ContentView.swift */,
				8EDB63A8277B4EA3004C0EF3 /* Assets.xcassets */,
				8EDB63AA277B4EA3004C0EF3 /* Preview Content */,
				8EAA3D12277C99DB006A9E3C /* Model.swift */,
				8E886B94277D8C1500759B92 /* ControlView.swift */,
				8E4461A5277DBA0A00F92C2A /* BrowseView.swift */,
				8EE5D3E12780551D004AAB59 /* PlacementSettings.swift */,
				8EE5D3E32780597E004AAB59 /* PlacementView.swift */,
				8EE5D3E827806441004AAB59 /* CustomARView.swift */,
				8E811DE527895C65004B3D36 /* ViewExtension.swift */,
			);
			path = ARTracking;
			sourceTree = "<group>";
		};
		8EDB63AA277B4EA3004C0EF3 /* Preview Content */ = {
			isa = PBXGroup;
			children = (
				8EDB63AB277B4EA3004C0EF3 /* Preview Assets.xcassets */,
			);
			path = "Preview Content";
			sourceTree = "<group>";
		};
		8EDB63BB277B6A02004C0EF3 /* Models */ = {
			isa = PBXGroup;
			children = (
				8EDB63B7277B5070004C0EF3 /* chair_swan.usdz */,
				8EDB63B3277B502E004C0EF3 /* toy_car.usdz */,
				8EDB63B4277B5035004C0EF3 /* toy_drummer.usdz */,
			);
			path = Models;
			sourceTree = "<group>";
		};
/* End PBXGroup section */

/* Begin PBXNativeTarget section */
		8EDB63A0277B4EA2004C0EF3 /* ARTracking */ = {
			isa = PBXNativeTarget;
			buildConfigurationList = 8EDB63AF277B4EA3004C0EF3 /* Build configuration list for PBXNativeTarget "ARTracking" */;
			buildPhases = (
				8EDB639D277B4EA2004C0EF3 /* Sources */,
				8EDB639E277B4EA2004C0EF3 /* Frameworks */,
				8EDB639F277B4EA2004C0EF3 /* Resources */,
			);
			buildRules = (
			);
			dependencies = (
			);
			name = ARTracking;
			packageProductDependencies = (
				8EFC55F827884BCD00D83854 /* FocusEntity */,
			);
			productName = ARTracking;
			productReference = 8EDB63A1277B4EA2004C0EF3 /* ARTracking.app */;
			productType = "com.apple.product-type.application";
		};
/* End PBXNativeTarget section */

/* Begin PBXProject section */
		8EDB6399277B4EA2004C0EF3 /* Project object */ = {
			isa = PBXProject;
			attributes = {
				BuildIndependentTargetsInParallel = 1;
				LastSwiftUpdateCheck = 1320;
				LastUpgradeCheck = 1320;
				TargetAttributes = {
					8EDB63A0277B4EA2004C0EF3 = {
						CreatedOnToolsVersion = 13.2.1;
					};
				};
			};
			buildConfigurationList = 8EDB639C277B4EA2004C0EF3 /* Build configuration list for PBXProject "ARTracking" */;
			compatibilityVersion = "Xcode 13.0";
			developmentRegion = en;
			hasScannedForEncodings = 0;
			knownRegions = (
				en,
				Base,
			);
			mainGroup = 8EDB6398277B4EA2004C0EF3;
			packageReferences = (
				8EFC55F727884BCD00D83854 /* XCRemoteSwiftPackageReference "FocusEntity" */,
			);
			productRefGroup = 8EDB63A2277B4EA2004C0EF3 /* Products */;
			projectDirPath = "";
			projectRoot = "";
			targets = (
				8EDB63A0277B4EA2004C0EF3 /* ARTracking */,
			);
		};
/* End PBXProject section */

/* Begin PBXResourcesBuildPhase section */
		8EDB639F277B4EA2004C0EF3 /* Resources */ = {
			isa = PBXResourcesBuildPhase;
			buildActionMask = 2147483647;
			files = (
				8EDB63AC277B4EA3004C0EF3 /* Preview Assets.xcassets in Resources */,
				8EDB63A9277B4EA3004C0EF3 /* Assets.xcassets in Resources */,
				8EDB63B5277B5035004C0EF3 /* toy_car.usdz in Resources */,
				8EDB63B8277B5071004C0EF3 /* chair_swan.usdz in Resources */,
				8EDB63B6277B5035004C0EF3 /* toy_drummer.usdz in Resources */,
			);
			runOnlyForDeploymentPostprocessing = 0;
		};
/* End PBXResourcesBuildPhase section */

/* Begin PBXSourcesBuildPhase section */
		8EDB639D277B4EA2004C0EF3 /* Sources */ = {
			isa = PBXSourcesBuildPhase;
			buildActionMask = 2147483647;
			files = (
				8E811DE627895C65004B3D36 /* ViewExtension.swift in Sources */,
				8EE5D3E22780551D004AAB59 /* PlacementSettings.swift in Sources */,
				8E4461A6277DBA0A00F92C2A /* BrowseView.swift in Sources */,
				8E886B95277D8C1500759B92 /* ControlView.swift in Sources */,
				8EAA3D13277C99DB006A9E3C /* Model.swift in Sources */,
				8EDB63A7277B4EA2004C0EF3 /* ContentView.swift in Sources */,
				8EDB63A5277B4EA2004C0EF3 /* ARTrackingApp.swift in Sources */,
				8EE5D3E927806441004AAB59 /* CustomARView.swift in Sources */,
				8EE5D3E42780597E004AAB59 /* PlacementView.swift in Sources */,
			);
			runOnlyForDeploymentPostprocessing = 0;
		};
/* End PBXSourcesBuildPhase section */

/* Begin XCBuildConfiguration section */
		8EDB63AD277B4EA3004C0EF3 /* Debug */ = {
			isa = XCBuildConfiguration;
			buildSettings = {
				ALWAYS_SEARCH_USER_PATHS = NO;
				CLANG_ANALYZER_NONNULL = YES;
				CLANG_ANALYZER_NUMBER_OBJECT_CONVERSION = YES_AGGRESSIVE;
				CLANG_CXX_LANGUAGE_STANDARD = "gnu++17";
				CLANG_CXX_LIBRARY = "libc++";
				CLANG_ENABLE_MODULES = YES;
				CLANG_ENABLE_OBJC_ARC = YES;
				CLANG_ENABLE_OBJC_WEAK = YES;
				CLANG_WARN_BLOCK_CAPTURE_AUTORELEASING = YES;
				CLANG_WARN_BOOL_CONVERSION = YES;
				CLANG_WARN_COMMA = YES;
				CLANG_WARN_CONSTANT_CONVERSION = YES;
				CLANG_WARN_DEPRECATED_OBJC_IMPLEMENTATIONS = YES;
				CLANG_WARN_DIRECT_OBJC_ISA_USAGE = YES_ERROR;
				CLANG_WARN_DOCUMENTATION_COMMENTS = YES;
				CLANG_WARN_EMPTY_BODY = YES;
				CLANG_WARN_ENUM_CONVERSION = YES;
				CLANG_WARN_INFINITE_RECURSION = YES;
				CLANG_WARN_INT_CONVERSION = YES;
				CLANG_WARN_NON_LITERAL_NULL_CONVERSION = YES;
				CLANG_WARN_OBJC_IMPLICIT_RETAIN_SELF = YES;
				CLANG_WARN_OBJC_LITERAL_CONVERSION = YES;
				CLANG_WARN_OBJC_ROOT_CLASS = YES_ERROR;
				CLANG_WARN_QUOTED_INCLUDE_IN_FRAMEWORK_HEADER = YES;
				CLANG_WARN_RANGE_LOOP_ANALYSIS = YES;
				CLANG_WARN_STRICT_PROTOTYPES = YES;
				CLANG_WARN_SUSPICIOUS_MOVE = YES;
				CLANG_WARN_UNGUARDED_AVAILABILITY = YES_AGGRESSIVE;
				CLANG_WARN_UNREACHABLE_CODE = YES;
				CLANG_WARN__DUPLICATE_METHOD_MATCH = YES;
				COPY_PHASE_STRIP = NO;
				DEBUG_INFORMATION_FORMAT = dwarf;
				ENABLE_STRICT_OBJC_MSGSEND = YES;
				ENABLE_TESTABILITY = YES;
				GCC_C_LANGUAGE_STANDARD = gnu11;
				GCC_DYNAMIC_NO_PIC = NO;
				GCC_NO_COMMON_BLOCKS = YES;
				GCC_OPTIMIZATION_LEVEL = 0;
				GCC_PREPROCESSOR_DEFINITIONS = (
					"DEBUG=1",
					"$(inherited)",
				);
				GCC_WARN_64_TO_32_BIT_CONVERSION = YES;
				GCC_WARN_ABOUT_RETURN_TYPE = YES_ERROR;
				GCC_WARN_UNDECLARED_SELECTOR = YES;
				GCC_WARN_UNINITIALIZED_AUTOS = YES_AGGRESSIVE;
				GCC_WARN_UNUSED_FUNCTION = YES;
				GCC_WARN_UNUSED_VARIABLE = YES;
				IPHONEOS_DEPLOYMENT_TARGET = 15.2;
				MTL_ENABLE_DEBUG_INFO = INCLUDE_SOURCE;
				MTL_FAST_MATH = YES;
				ONLY_ACTIVE_ARCH = YES;
				SDKROOT = iphoneos;
				SWIFT_ACTIVE_COMPILATION_CONDITIONS = DEBUG;
				SWIFT_OPTIMIZATION_LEVEL = "-Onone";
			};
			name = Debug;
		};
		8EDB63AE277B4EA3004C0EF3 /* Release */ = {
			isa = XCBuildConfiguration;
			buildSettings = {
				ALWAYS_SEARCH_USER_PATHS = NO;
				CLANG_ANALYZER_NONNULL = YES;
				CLANG_ANALYZER_NUMBER_OBJECT_CONVERSION = YES_AGGRESSIVE;
				CLANG_CXX_LANGUAGE_STANDARD = "gnu++17";
				CLANG_CXX_LIBRARY = "libc++";
				CLANG_ENABLE_MODULES = YES;
				CLANG_ENABLE_OBJC_ARC = YES;
				CLANG_ENABLE_OBJC_WEAK = YES;
				CLANG_WARN_BLOCK_CAPTURE_AUTORELEASING = YES;
				CLANG_WARN_BOOL_CONVERSION = YES;
				CLANG_WARN_COMMA = YES;
				CLANG_WARN_CONSTANT_CONVERSION = YES;
				CLANG_WARN_DEPRECATED_OBJC_IMPLEMENTATIONS = YES;
				CLANG_WARN_DIRECT_OBJC_ISA_USAGE = YES_ERROR;
				CLANG_WARN_DOCUMENTATION_COMMENTS = YES;
				CLANG_WARN_EMPTY_BODY = YES;
				CLANG_WARN_ENUM_CONVERSION = YES;
				CLANG_WARN_INFINITE_RECURSION = YES;
				CLANG_WARN_INT_CONVERSION = YES;
				CLANG_WARN_NON_LITERAL_NULL_CONVERSION = YES;
				CLANG_WARN_OBJC_IMPLICIT_RETAIN_SELF = YES;
				CLANG_WARN_OBJC_LITERAL_CONVERSION = YES;
				CLANG_WARN_OBJC_ROOT_CLASS = YES_ERROR;
				CLANG_WARN_QUOTED_INCLUDE_IN_FRAMEWORK_HEADER = YES;
				CLANG_WARN_RANGE_LOOP_ANALYSIS = YES;
				CLANG_WARN_STRICT_PROTOTYPES = YES;
				CLANG_WARN_SUSPICIOUS_MOVE = YES;
				CLANG_WARN_UNGUARDED_AVAILABILITY = YES_AGGRESSIVE;
				CLANG_WARN_UNREACHABLE_CODE = YES;
				CLANG_WARN__DUPLICATE_METHOD_MATCH = YES;
				COPY_PHASE_STRIP = NO;
				DEBUG_INFORMATION_FORMAT = "dwarf-with-dsym";
				ENABLE_NS_ASSERTIONS = NO;
				ENABLE_STRICT_OBJC_MSGSEND = YES;
				GCC_C_LANGUAGE_STANDARD = gnu11;
				GCC_NO_COMMON_BLOCKS = YES;
				GCC_WARN_64_TO_32_BIT_CONVERSION = YES;
				GCC_WARN_ABOUT_RETURN_TYPE = YES_ERROR;
				GCC_WARN_UNDECLARED_SELECTOR = YES;
				GCC_WARN_UNINITIALIZED_AUTOS = YES_AGGRESSIVE;
				GCC_WARN_UNUSED_FUNCTION = YES;
				GCC_WARN_UNUSED_VARIABLE = YES;
				IPHONEOS_DEPLOYMENT_TARGET = 15.2;
				MTL_ENABLE_DEBUG_INFO = NO;
				MTL_FAST_MATH = YES;
				SDKROOT = iphoneos;
				SWIFT_COMPILATION_MODE = wholemodule;
				SWIFT_OPTIMIZATION_LEVEL = "-O";
				VALIDATE_PRODUCT = YES;
			};
			name = Release;
		};
		8EDB63B0277B4EA3004C0EF3 /* Debug */ = {
			isa = XCBuildConfiguration;
			buildSettings = {
				ASSETCATALOG_COMPILER_APPICON_NAME = AppIcon;
				ASSETCATALOG_COMPILER_GLOBAL_ACCENT_COLOR_NAME = AccentColor;
				CODE_SIGN_STYLE = Automatic;
				CURRENT_PROJECT_VERSION = 1;
				DEVELOPMENT_ASSET_PATHS = "\"ARTracking/Preview Content\"";
				DEVELOPMENT_TEAM = LB5DYYY4C9;
				ENABLE_PREVIEWS = YES;
				GENERATE_INFOPLIST_FILE = YES;
				INFOPLIST_FILE = ARTracking/Info.plist;
				INFOPLIST_KEY_NSCameraUsageDescription = "neee to make ar";
				INFOPLIST_KEY_UIApplicationSceneManifest_Generation = YES;
				INFOPLIST_KEY_UIApplicationSupportsIndirectInputEvents = YES;
				INFOPLIST_KEY_UILaunchScreen_Generation = YES;
				INFOPLIST_KEY_UISupportedInterfaceOrientations_iPad = "UIInterfaceOrientationPortrait UIInterfaceOrientationPortraitUpsideDown UIInterfaceOrientationLandscapeLeft UIInterfaceOrientationLandscapeRight";
				INFOPLIST_KEY_UISupportedInterfaceOrientations_iPhone = "UIInterfaceOrientationPortrait UIInterfaceOrientationLandscapeLeft UIInterfaceOrientationLandscapeRight";
				IPHONEOS_DEPLOYMENT_TARGET = 14.0;
				LD_RUNPATH_SEARCH_PATHS = (
					"$(inherited)",
					"@executable_path/Frameworks",
				);
				MARKETING_VERSION = 1.0;
				PRODUCT_BUNDLE_IDENTIFIER = com.vodfactory.ARTracking;
				PRODUCT_NAME = "$(TARGET_NAME)";
				SWIFT_EMIT_LOC_STRINGS = YES;
				SWIFT_VERSION = 5.0;
				TARGETED_DEVICE_FAMILY = "1,2";
			};
			name = Debug;
		};
		8EDB63B1277B4EA3004C0EF3 /* Release */ = {
			isa = XCBuildConfiguration;
			buildSettings = {
				ASSETCATALOG_COMPILER_APPICON_NAME = AppIcon;
				ASSETCATALOG_COMPILER_GLOBAL_ACCENT_COLOR_NAME = AccentColor;
				CODE_SIGN_STYLE = Automatic;
				CURRENT_PROJECT_VERSION = 1;
				DEVELOPMENT_ASSET_PATHS = "\"ARTracking/Preview Content\"";
				DEVELOPMENT_TEAM = LB5DYYY4C9;
				ENABLE_PREVIEWS = YES;
				GENERATE_INFOPLIST_FILE = YES;
				INFOPLIST_FILE = ARTracking/Info.plist;
				INFOPLIST_KEY_NSCameraUsageDescription = "neee to make ar";
				INFOPLIST_KEY_UIApplicationSceneManifest_Generation = YES;
				INFOPLIST_KEY_UIApplicationSupportsIndirectInputEvents = YES;
				INFOPLIST_KEY_UILaunchScreen_Generation = YES;
				INFOPLIST_KEY_UISupportedInterfaceOrientations_iPad = "UIInterfaceOrientationPortrait UIInterfaceOrientationPortraitUpsideDown UIInterfaceOrientationLandscapeLeft UIInterfaceOrientationLandscapeRight";
				INFOPLIST_KEY_UISupportedInterfaceOrientations_iPhone = "UIInterfaceOrientationPortrait UIInterfaceOrientationLandscapeLeft UIInterfaceOrientationLandscapeRight";
				IPHONEOS_DEPLOYMENT_TARGET = 14.0;
				LD_RUNPATH_SEARCH_PATHS = (
					"$(inherited)",
					"@executable_path/Frameworks",
				);
				MARKETING_VERSION = 1.0;
				PRODUCT_BUNDLE_IDENTIFIER = com.vodfactory.ARTracking;
				PRODUCT_NAME = "$(TARGET_NAME)";
				SWIFT_EMIT_LOC_STRINGS = YES;
				SWIFT_VERSION = 5.0;
				TARGETED_DEVICE_FAMILY = "1,2";
			};
			name = Release;
		};
/* End XCBuildConfiguration section */

/* Begin XCConfigurationList section */
		8EDB639C277B4EA2004C0EF3 /* Build configuration list for PBXProject "ARTracking" */ = {
			isa = XCConfigurationList;
			buildConfigurations = (
				8EDB63AD277B4EA3004C0EF3 /* Debug */,
				8EDB63AE277B4EA3004C0EF3 /* Release */,
			);
			defaultConfigurationIsVisible = 0;
			defaultConfigurationName = Release;
		};
		8EDB63AF277B4EA3004C0EF3 /* Build configuration list for PBXNativeTarget "ARTracking" */ = {
			isa = XCConfigurationList;
			buildConfigurations = (
				8EDB63B0277B4EA3004C0EF3 /* Debug */,
				8EDB63B1277B4EA3004C0EF3 /* Release */,
			);
			defaultConfigurationIsVisible = 0;
			defaultConfigurationName = Release;
		};
/* End XCConfigurationList section */

/* Begin XCRemoteSwiftPackageReference section */
		8EFC55F727884BCD00D83854 /* XCRemoteSwiftPackageReference "FocusEntity" */ = {
			isa = XCRemoteSwiftPackageReference;
			repositoryURL = "https://github.com/maxxfrazer/FocusEntity";
			requirement = {
				kind = exactVersion;
				version = 2.2.1;
			};
		};
/* End XCRemoteSwiftPackageReference section */

/* Begin XCSwiftPackageProductDependency section */
		8EFC55F827884BCD00D83854 /* FocusEntity */ = {
			isa = XCSwiftPackageProductDependency;
			package = 8EFC55F727884BCD00D83854 /* XCRemoteSwiftPackageReference "FocusEntity" */;
			productName = FocusEntity;
		};
/* End XCSwiftPackageProductDependency section */
	};
	rootObject = 8EDB6399277B4EA2004C0EF3 /* Project object */;
}
